
Microsoft Visual Studio Solution File, Format Version 12.00
# Visual Studio Version 17
VisualStudioVersion = 17.11.35222.181
MinimumVisualStudioVersion = 10.0.40219.1
Project("{2150E333-8FDC-42A3-9474-1A3956D46DE8}") = "Task0", "Task0", "{4B24F228-C0F0-4BB3-AD65-F98222128C7B}"
EndProject
Project("{9A19103F-16F7-4668-BE54-9A1E7A4F7556}") = "Tyuiu.DonskoiIA.Sprint1.Task0.V22", "Tyuiu.DonskoiIA.Sprint1.Task0.V22\Tyuiu.DonskoiIA.Sprint1.Task0.V22.csproj", "{E0665C0D-7640-4420-8E15-E0D58FD1EC58}"
EndProject
Project("{9A19103F-16F7-4668-BE54-9A1E7A4F7556}") = "Tyuiu.DonskoiIA.Sprint1.Task0.V22.Lib", "Tyuiu.DonskoiIA.Sprint1.Task0.V22.Lib\Tyuiu.DonskoiIA.Sprint1.Task0.V22.Lib.csproj", "{7099A694-E77E-48F1-B83A-C27792E2A84F}"
EndProject
Project("{9A19103F-16F7-4668-BE54-9A1E7A4F7556}") = "Tyuiu.DonskoiIA.Sprint1.Task0.V22.Test", "Tyuiu.DonskoiIA.Sprint1.Task0.V22.Test\Tyuiu.DonskoiIA.Sprint1.Task0.V22.Test.csproj", "{34AFA888-BC60-40B5-B90D-053EF1C15C9A}"
EndProject
Project("{2150E333-8FDC-42A3-9474-1A3956D46DE8}") = "Task1", "Task1", "{3D716B78-AB61-410C-8A4A-F9A671FBF3A7}"
EndProject
Project("{9A19103F-16F7-4668-BE54-9A1E7A4F7556}") = "Tyuiu.DonskoiIA.Sprint1.Task1.V18", "Tyuiu.DonskoiIA.Sprint1.Task1.V18\Tyuiu.DonskoiIA.Sprint1.Task1.V18.csproj", "{E56E12D9-404A-4570-8BCE-659F1254A28C}"
EndProject
Project("{9A19103F-16F7-4668-BE54-9A1E7A4F7556}") = "Tyuiu.DonskoiIA.Sprint1.Task1.V18.Lib", "Tyuiu.DonskoiIA.Sprint1.Task1.V18.Lib\Tyuiu.DonskoiIA.Sprint1.Task1.V18.Lib.csproj", "{B80DA397-C0E5-4E18-B4CC-266903CAFD10}"
EndProject
Project("{9A19103F-16F7-4668-BE54-9A1E7A4F7556}") = "Tyuiu.DonskoiIA.Sprint1.Task1.V18.Test", "Tyuiu.DonskoiIA.Sprint1.Task1.V18.Test\Tyuiu.DonskoiIA.Sprint1.Task1.V18.Test.csproj", "{57D4D302-BF33-4E4A-98D4-38A0DE8C75E3}"
EndProject
Project("{2150E333-8FDC-42A3-9474-1A3956D46DE8}") = "Task2", "Task2", "{98C5A189-F354-41A6-B0CA-EFE65099C73B}"
EndProject
Project("{FAE04EC0-301F-11D3-BF4B-00C04F79EFBC}") = "Tyuiu.DonskoiIA.Sprint1.Task2.V1", "Tyuiu.DonskoiIA.Sprint1.Task2.V1\Tyuiu.DonskoiIA.Sprint1.Task2.V1.csproj", "{CC2B882B-A7A6-4B58-AB17-F8EDAE3E36BD}"
EndProject
Project("{FAE04EC0-301F-11D3-BF4B-00C04F79EFBC}") = "Tyuiu.DonskoiIA.Sprint1.Task2.V1.Lib", "Tyuiu.DonskoiIA.Sprint1.Task2.V1.Lib\Tyuiu.DonskoiIA.Sprint1.Task2.V1.Lib.csproj", "{190BF8F4-3199-4254-8035-87900C975C1C}"
EndProject
Project("{FAE04EC0-301F-11D3-BF4B-00C04F79EFBC}") = "Tyuiu.DonskoiIA.Sprint1.Task2.V1.Test", "Tyuiu.DonskoiIA.Sprint1.Task2.V1.Test\Tyuiu.DonskoiIA.Sprint1.Task2.V1.Test.csproj", "{9A60269D-4AB9-47A7-B2D1-436ADBCF7C9A}"
EndProject
Global
	GlobalSection(SolutionConfigurationPlatforms) = preSolution
		Debug|Any CPU = Debug|Any CPU
		Release|Any CPU = Release|Any CPU
	EndGlobalSection
	GlobalSection(ProjectConfigurationPlatforms) = postSolution
		{E0665C0D-7640-4420-8E15-E0D58FD1EC58}.Debug|Any CPU.ActiveCfg = Debug|Any CPU
		{E0665C0D-7640-4420-8E15-E0D58FD1EC58}.Debug|Any CPU.Build.0 = Debug|Any CPU
		{E0665C0D-7640-4420-8E15-E0D58FD1EC58}.Release|Any CPU.ActiveCfg = Release|Any CPU
		{E0665C0D-7640-4420-8E15-E0D58FD1EC58}.Release|Any CPU.Build.0 = Release|Any CPU
		{7099A694-E77E-48F1-B83A-C27792E2A84F}.Debug|Any CPU.ActiveCfg = Debug|Any CPU
		{7099A694-E77E-48F1-B83A-C27792E2A84F}.Debug|Any CPU.Build.0 = Debug|Any CPU
		{7099A694-E77E-48F1-B83A-C27792E2A84F}.Release|Any CPU.ActiveCfg = Release|Any CPU
		{7099A694-E77E-48F1-B83A-C27792E2A84F}.Release|Any CPU.Build.0 = Release|Any CPU
		{34AFA888-BC60-40B5-B90D-053EF1C15C9A}.Debug|Any CPU.ActiveCfg = Debug|Any CPU
		{34AFA888-BC60-40B5-B90D-053EF1C15C9A}.Debug|Any CPU.Build.0 = Debug|Any CPU
		{34AFA888-BC60-40B5-B90D-053EF1C15C9A}.Release|Any CPU.ActiveCfg = Release|Any CPU
		{34AFA888-BC60-40B5-B90D-053EF1C15C9A}.Release|Any CPU.Build.0 = Release|Any CPU
		{E56E12D9-404A-4570-8BCE-659F1254A28C}.Debug|Any CPU.ActiveCfg = Debug|Any CPU
		{E56E12D9-404A-4570-8BCE-659F1254A28C}.Debug|Any CPU.Build.0 = Debug|Any CPU
		{E56E12D9-404A-4570-8BCE-659F1254A28C}.Release|Any CPU.ActiveCfg = Release|Any CPU
		{E56E12D9-404A-4570-8BCE-659F1254A28C}.Release|Any CPU.Build.0 = Release|Any CPU
		{B80DA397-C0E5-4E18-B4CC-266903CAFD10}.Debug|Any CPU.ActiveCfg = Debug|Any CPU
		{B80DA397-C0E5-4E18-B4CC-266903CAFD10}.Debug|Any CPU.Build.0 = Debug|Any CPU
		{B80DA397-C0E5-4E18-B4CC-266903CAFD10}.Release|Any CPU.ActiveCfg = Release|Any CPU
		{B80DA397-C0E5-4E18-B4CC-266903CAFD10}.Release|Any CPU.Build.0 = Release|Any CPU
		{57D4D302-BF33-4E4A-98D4-38A0DE8C75E3}.Debug|Any CPU.ActiveCfg = Debug|Any CPU
		{57D4D302-BF33-4E4A-98D4-38A0DE8C75E3}.Debug|Any CPU.Build.0 = Debug|Any CPU
		{57D4D302-BF33-4E4A-98D4-38A0DE8C75E3}.Release|Any CPU.ActiveCfg = Release|Any CPU
		{57D4D302-BF33-4E4A-98D4-38A0DE8C75E3}.Release|Any CPU.Build.0 = Release|Any CPU
		{CC2B882B-A7A6-4B58-AB17-F8EDAE3E36BD}.Debug|Any CPU.ActiveCfg = Debug|Any CPU
		{CC2B882B-A7A6-4B58-AB17-F8EDAE3E36BD}.Debug|Any CPU.Build.0 = Debug|Any CPU
		{CC2B882B-A7A6-4B58-AB17-F8EDAE3E36BD}.Release|Any CPU.ActiveCfg = Release|Any CPU
		{CC2B882B-A7A6-4B58-AB17-F8EDAE3E36BD}.Release|Any CPU.Build.0 = Release|Any CPU
		{190BF8F4-3199-4254-8035-87900C975C1C}.Debug|Any CPU.ActiveCfg = Debug|Any CPU
		{190BF8F4-3199-4254-8035-87900C975C1C}.Debug|Any CPU.Build.0 = Debug|Any CPU
		{190BF8F4-3199-4254-8035-87900C975C1C}.Release|Any CPU.ActiveCfg = Release|Any CPU
		{190BF8F4-3199-4254-8035-87900C975C1C}.Release|Any CPU.Build.0 = Release|Any CPU
		{9A60269D-4AB9-47A7-B2D1-436ADBCF7C9A}.Debug|Any CPU.ActiveCfg = Debug|Any CPU
		{9A60269D-4AB9-47A7-B2D1-436ADBCF7C9A}.Debug|Any CPU.Build.0 = Debug|Any CPU
		{9A60269D-4AB9-47A7-B2D1-436ADBCF7C9A}.Release|Any CPU.ActiveCfg = Release|Any CPU
		{9A60269D-4AB9-47A7-B2D1-436ADBCF7C9A}.Release|Any CPU.Build.0 = Release|Any CPU
	EndGlobalSection
	GlobalSection(SolutionProperties) = preSolution
		HideSolutionNode = FALSE
	EndGlobalSection
	GlobalSection(NestedProjects) = preSolution
		{E0665C0D-7640-4420-8E15-E0D58FD1EC58} = {4B24F228-C0F0-4BB3-AD65-F98222128C7B}
		{7099A694-E77E-48F1-B83A-C27792E2A84F} = {4B24F228-C0F0-4BB3-AD65-F98222128C7B}
		{34AFA888-BC60-40B5-B90D-053EF1C15C9A} = {4B24F228-C0F0-4BB3-AD65-F98222128C7B}
		{E56E12D9-404A-4570-8BCE-659F1254A28C} = {3D716B78-AB61-410C-8A4A-F9A671FBF3A7}
		{B80DA397-C0E5-4E18-B4CC-266903CAFD10} = {3D716B78-AB61-410C-8A4A-F9A671FBF3A7}
		{57D4D302-BF33-4E4A-98D4-38A0DE8C75E3} = {3D716B78-AB61-410C-8A4A-F9A671FBF3A7}
		{CC2B882B-A7A6-4B58-AB17-F8EDAE3E36BD} = {98C5A189-F354-41A6-B0CA-EFE65099C73B}
		{190BF8F4-3199-4254-8035-87900C975C1C} = {98C5A189-F354-41A6-B0CA-EFE65099C73B}
		{9A60269D-4AB9-47A7-B2D1-436ADBCF7C9A} = {98C5A189-F354-41A6-B0CA-EFE65099C73B}
	EndGlobalSection
	GlobalSection(ExtensibilityGlobals) = postSolution
		SolutionGuid = {387EF398-13EC-4881-BD35-8DCFC7DAF520}
	EndGlobalSection
EndGlobal
