
Microsoft Visual Studio Solution File, Format Version 12.00
# Visual Studio Version 17
VisualStudioVersion = 17.11.35222.181
MinimumVisualStudioVersion = 10.0.40219.1
Project("{2150E333-8FDC-42A3-9474-1A3956D46DE8}") = "Task0", "Task0", "{4B24F228-C0F0-4BB3-AD65-F98222128C7B}"
EndProject
Project("{9A19103F-16F7-4668-BE54-9A1E7A4F7556}") = "Tyuiu.DonskoiIA.Sprint1.Task0.V22", "Tyuiu.DonskoiIA.Sprint1.Task0.V22\Tyuiu.DonskoiIA.Sprint1.Task0.V22.csproj", "{E0665C0D-7640-4420-8E15-E0D58FD1EC58}"
EndProject
Project("{9A19103F-16F7-4668-BE54-9A1E7A4F7556}") = "Tyuiu.DonskoiIA.Sprint1.Task0.V22.Lib", "Tyuiu.DonskoiIA.Sprint1.Task0.V22.Lib\Tyuiu.DonskoiIA.Sprint1.Task0.V22.Lib.csproj", "{7099A694-E77E-48F1-B83A-C27792E2A84F}"
EndProject
Project("{9A19103F-16F7-4668-BE54-9A1E7A4F7556}") = "Tyuiu.DonskoiIA.Sprint1.Task0.V22.Test", "Tyuiu.DonskoiIA.Sprint1.Task0.V22.Test\Tyuiu.DonskoiIA.Sprint1.Task0.V22.Test.csproj", "{34AFA888-BC60-40B5-B90D-053EF1C15C9A}"
EndProject
Project("{2150E333-8FDC-42A3-9474-1A3956D46DE8}") = "Task1", "Task1", "{3D716B78-AB61-410C-8A4A-F9A671FBF3A7}"
EndProject
Project("{9A19103F-16F7-4668-BE54-9A1E7A4F7556}") = "Tyuiu.DonskoiIA.Sprint1.Task1.V18", "Tyuiu.DonskoiIA.Sprint1.Task1.V18\Tyuiu.DonskoiIA.Sprint1.Task1.V18.csproj", "{E56E12D9-404A-4570-8BCE-659F1254A28C}"
EndProject
Project("{9A19103F-16F7-4668-BE54-9A1E7A4F7556}") = "Tyuiu.DonskoiIA.Sprint1.Task1.V18.Lib", "Tyuiu.DonskoiIA.Sprint1.Task1.V18.Lib\Tyuiu.DonskoiIA.Sprint1.Task1.V18.Lib.csproj", "{B80DA397-C0E5-4E18-B4CC-266903CAFD10}"
EndProject
Project("{9A19103F-16F7-4668-BE54-9A1E7A4F7556}") = "Tyuiu.DonskoiIA.Sprint1.Task1.V18.Test", "Tyuiu.DonskoiIA.Sprint1.Task1.V18.Test\Tyuiu.DonskoiIA.Sprint1.Task1.V18.Test.csproj", "{57D4D302-BF33-4E4A-98D4-38A0DE8C75E3}"
EndProject
Project("{2150E333-8FDC-42A3-9474-1A3956D46DE8}") = "Task2", "Task2", "{98C5A189-F354-41A6-B0CA-EFE65099C73B}"
EndProject
Project("{9A19103F-16F7-4668-BE54-9A1E7A4F7556}") = "Tyuiu.DonskoiIA.Sprint1.Task2.V1", "Tyuiu.DonskoiIA.Sprint1.Task2.V1\Tyuiu.DonskoiIA.Sprint1.Task2.V1.csproj", "{CC2B882B-A7A6-4B58-AB17-F8EDAE3E36BD}"
EndProject
Project("{9A19103F-16F7-4668-BE54-9A1E7A4F7556}") = "Tyuiu.DonskoiIA.Sprint1.Task2.V1.Lib", "Tyuiu.DonskoiIA.Sprint1.Task2.V1.Lib\Tyuiu.DonskoiIA.Sprint1.Task2.V1.Lib.csproj", "{190BF8F4-3199-4254-8035-87900C975C1C}"
EndProject
Project("{9A19103F-16F7-4668-BE54-9A1E7A4F7556}") = "Tyuiu.DonskoiIA.Sprint1.Task2.V1.Test", "Tyuiu.DonskoiIA.Sprint1.Task2.V1.Test\Tyuiu.DonskoiIA.Sprint1.Task2.V1.Test.csproj", "{9A60269D-4AB9-47A7-B2D1-436ADBCF7C9A}"
EndProject
Project("{2150E333-8FDC-42A3-9474-1A3956D46DE8}") = "Task3", "Task3", "{277CA732-D8F4-4E6B-939B-051AA23FCF3D}"
EndProject
Project("{9A19103F-16F7-4668-BE54-9A1E7A4F7556}") = "Tyuiu.DonskoiIA.Sprint1.Task3.V4", "Tyuiu.DonskoiIA.Sprint1.Task3.V4\Tyuiu.DonskoiIA.Sprint1.Task3.V4.csproj", "{6BE19A6B-B9D4-4C4A-9825-9CE1F96FB771}"
EndProject
Project("{9A19103F-16F7-4668-BE54-9A1E7A4F7556}") = "Tyuiu.DonskoiIA.Sprint1.Task3.V4.Lib", "Tyuiu.DonskoiIA.Sprint1.Task3.V4.Lib\Tyuiu.DonskoiIA.Sprint1.Task3.V4.Lib.csproj", "{5659F224-441E-47B2-A5B2-8C9F1A8D4D97}"
EndProject
Project("{9A19103F-16F7-4668-BE54-9A1E7A4F7556}") = "Tyuiu.DonskoiIA.Sprint1.Task3.V4.Test", "Tyuiu.DonskoiIA.Sprint1.Task3.V4.Test\Tyuiu.DonskoiIA.Sprint1.Task3.V4.Test.csproj", "{39F24F8C-AB69-4A32-B600-B46A8605241C}"
EndProject
Project("{2150E333-8FDC-42A3-9474-1A3956D46DE8}") = "Task4", "Task4", "{6E4A6830-6A92-4851-9CA9-287B3F335960}"
EndProject
Project("{9A19103F-16F7-4668-BE54-9A1E7A4F7556}") = "Tyuiu.DonskoiIA.Sprint1.Task4.V23", "Tyuiu.DonskoiIA.Sprint1.Task4.V23\Tyuiu.DonskoiIA.Sprint1.Task4.V23.csproj", "{26B33F5F-2ECE-4BB7-9F84-84F14CDF12D3}"
EndProject
Project("{9A19103F-16F7-4668-BE54-9A1E7A4F7556}") = "Tyuiu.DonskoiIA.Sprint1.Task4.V23.Lib", "Tyuiu.DonskoiIA.Sprint1.Task4.V23.Lib\Tyuiu.DonskoiIA.Sprint1.Task4.V23.Lib.csproj", "{E13258BB-03AA-4B70-B6E5-1CB54F11E9AC}"
EndProject
Project("{9A19103F-16F7-4668-BE54-9A1E7A4F7556}") = "Tyuiu.DonskoiIA.Sprint1.Task4.V23.Test", "Tyuiu.DonskoiIA.Sprint1.Task4.V23.Test\Tyuiu.DonskoiIA.Sprint1.Task4.V23.Test.csproj", "{F9874492-2043-454F-B591-B6796214D732}"
EndProject
Project("{2150E333-8FDC-42A3-9474-1A3956D46DE8}") = "Task5", "Task5", "{66C9E0C9-DBE2-4BF5-94DF-906046D923FA}"
EndProject
Project("{9A19103F-16F7-4668-BE54-9A1E7A4F7556}") = "Tyuiu.DonskoiIA.Sprint1.Task5.V6", "Tyuiu.DonskoiIA.Sprint1.Task5.V6\Tyuiu.DonskoiIA.Sprint1.Task5.V6.csproj", "{5C2A8165-AFB2-4C79-816E-6F4762FAE5A4}"
EndProject
Project("{9A19103F-16F7-4668-BE54-9A1E7A4F7556}") = "Tyuiu.DonskoiIA.Sprint1.Task5.V6.Lib", "Tyuiu.DonskoiIA.Sprint1.Task5.V6.Lib\Tyuiu.DonskoiIA.Sprint1.Task5.V6.Lib.csproj", "{C962F163-494E-44AA-813F-D6E1BB7F30E3}"
EndProject
Project("{9A19103F-16F7-4668-BE54-9A1E7A4F7556}") = "Tyuiu.DonskoiIA.Sprint1.Task5.V6.Test", "Tyuiu.DonskoiIA.Sprint1.Task5.V6.Test\Tyuiu.DonskoiIA.Sprint1.Task5.V6.Test.csproj", "{AB7A3EDE-1E3C-4C9F-9B63-5DE83C012483}"
EndProject
Project("{2150E333-8FDC-42A3-9474-1A3956D46DE8}") = "Task6", "Task6", "{4C6C2C92-040E-48B4-943E-EB90BBBB9F0B}"
EndProject
Project("{9A19103F-16F7-4668-BE54-9A1E7A4F7556}") = "Tyuiu.DonskoiIA.Sprint1.Task6.V1", "Tyuiu.DonskoiIA.Sprint1.Task6.V1\Tyuiu.DonskoiIA.Sprint1.Task6.V1.csproj", "{6A3A2B21-1BF0-4CBC-8C05-13626AB0F301}"
EndProject
Project("{9A19103F-16F7-4668-BE54-9A1E7A4F7556}") = "Tyuiu.DonskoiIA.Sprint1.Task6.V1.Lib", "Tyuiu.DonskoiIA.Sprint1.Task6.V1.Lib\Tyuiu.DonskoiIA.Sprint1.Task6.V1.Lib.csproj", "{6F4C7538-DC92-42D5-9A94-EC328C1F73C6}"
EndProject
Project("{9A19103F-16F7-4668-BE54-9A1E7A4F7556}") = "Tyuiu.DonskoiIA.Sprint1.Task6.V1.Test", "Tyuiu.DonskoiIA.Sprint1.Task6.V1.Test\Tyuiu.DonskoiIA.Sprint1.Task6.V1.Test.csproj", "{B93AF9F5-F61D-4C05-AA5C-AD874E31042C}"
EndProject
Project("{2150E333-8FDC-42A3-9474-1A3956D46DE8}") = "Task7", "Task7", "{BC109D40-13E6-40EB-9D8D-A6FEDB060804}"
EndProject
Project("{FAE04EC0-301F-11D3-BF4B-00C04F79EFBC}") = "Tyuiu.DonskoiIA.Sprint1.Task7.V9", "Tyuiu.DonskoiIA.Sprint1.Task7.V9\Tyuiu.DonskoiIA.Sprint1.Task7.V9.csproj", "{0CDAEA52-E70C-4211-891D-AE0E4E02C838}"
EndProject
Project("{FAE04EC0-301F-11D3-BF4B-00C04F79EFBC}") = "Tyuiu.DonskoiIA.Sprint1.Task7.V9.Lib", "Tyuiu.DonskoiIA.Sprint1.Task7.V9.Lib\Tyuiu.DonskoiIA.Sprint1.Task7.V9.Lib.csproj", "{DA7C975B-35B3-4A0D-9892-E520B410D800}"
EndProject
Project("{FAE04EC0-301F-11D3-BF4B-00C04F79EFBC}") = "Tyuiu.DonskoiIA.Sprint1.Task7.V9.Test", "Tyuiu.DonskoiIA.Sprint1.Task7.V9.Test\Tyuiu.DonskoiIA.Sprint1.Task7.V9.Test.csproj", "{2E9FC980-3B37-4ACD-B453-C232401C28D2}"
EndProject
Global
	GlobalSection(SolutionConfigurationPlatforms) = preSolution
		Debug|Any CPU = Debug|Any CPU
		Release|Any CPU = Release|Any CPU
	EndGlobalSection
	GlobalSection(ProjectConfigurationPlatforms) = postSolution
		{E0665C0D-7640-4420-8E15-E0D58FD1EC58}.Debug|Any CPU.ActiveCfg = Debug|Any CPU
		{E0665C0D-7640-4420-8E15-E0D58FD1EC58}.Debug|Any CPU.Build.0 = Debug|Any CPU
		{E0665C0D-7640-4420-8E15-E0D58FD1EC58}.Release|Any CPU.ActiveCfg = Release|Any CPU
		{E0665C0D-7640-4420-8E15-E0D58FD1EC58}.Release|Any CPU.Build.0 = Release|Any CPU
		{7099A694-E77E-48F1-B83A-C27792E2A84F}.Debug|Any CPU.ActiveCfg = Debug|Any CPU
		{7099A694-E77E-48F1-B83A-C27792E2A84F}.Debug|Any CPU.Build.0 = Debug|Any CPU
		{7099A694-E77E-48F1-B83A-C27792E2A84F}.Release|Any CPU.ActiveCfg = Release|Any CPU
		{7099A694-E77E-48F1-B83A-C27792E2A84F}.Release|Any CPU.Build.0 = Release|Any CPU
		{34AFA888-BC60-40B5-B90D-053EF1C15C9A}.Debug|Any CPU.ActiveCfg = Debug|Any CPU
		{34AFA888-BC60-40B5-B90D-053EF1C15C9A}.Debug|Any CPU.Build.0 = Debug|Any CPU
		{34AFA888-BC60-40B5-B90D-053EF1C15C9A}.Release|Any CPU.ActiveCfg = Release|Any CPU
		{34AFA888-BC60-40B5-B90D-053EF1C15C9A}.Release|Any CPU.Build.0 = Release|Any CPU
		{E56E12D9-404A-4570-8BCE-659F1254A28C}.Debug|Any CPU.ActiveCfg = Debug|Any CPU
		{E56E12D9-404A-4570-8BCE-659F1254A28C}.Debug|Any CPU.Build.0 = Debug|Any CPU
		{E56E12D9-404A-4570-8BCE-659F1254A28C}.Release|Any CPU.ActiveCfg = Release|Any CPU
		{E56E12D9-404A-4570-8BCE-659F1254A28C}.Release|Any CPU.Build.0 = Release|Any CPU
		{B80DA397-C0E5-4E18-B4CC-266903CAFD10}.Debug|Any CPU.ActiveCfg = Debug|Any CPU
		{B80DA397-C0E5-4E18-B4CC-266903CAFD10}.Debug|Any CPU.Build.0 = Debug|Any CPU
		{B80DA397-C0E5-4E18-B4CC-266903CAFD10}.Release|Any CPU.ActiveCfg = Release|Any CPU
		{B80DA397-C0E5-4E18-B4CC-266903CAFD10}.Release|Any CPU.Build.0 = Release|Any CPU
		{57D4D302-BF33-4E4A-98D4-38A0DE8C75E3}.Debug|Any CPU.ActiveCfg = Debug|Any CPU
		{57D4D302-BF33-4E4A-98D4-38A0DE8C75E3}.Debug|Any CPU.Build.0 = Debug|Any CPU
		{57D4D302-BF33-4E4A-98D4-38A0DE8C75E3}.Release|Any CPU.ActiveCfg = Release|Any CPU
		{57D4D302-BF33-4E4A-98D4-38A0DE8C75E3}.Release|Any CPU.Build.0 = Release|Any CPU
		{CC2B882B-A7A6-4B58-AB17-F8EDAE3E36BD}.Debug|Any CPU.ActiveCfg = Debug|Any CPU
		{CC2B882B-A7A6-4B58-AB17-F8EDAE3E36BD}.Debug|Any CPU.Build.0 = Debug|Any CPU
		{CC2B882B-A7A6-4B58-AB17-F8EDAE3E36BD}.Release|Any CPU.ActiveCfg = Release|Any CPU
		{CC2B882B-A7A6-4B58-AB17-F8EDAE3E36BD}.Release|Any CPU.Build.0 = Release|Any CPU
		{190BF8F4-3199-4254-8035-87900C975C1C}.Debug|Any CPU.ActiveCfg = Debug|Any CPU
		{190BF8F4-3199-4254-8035-87900C975C1C}.Debug|Any CPU.Build.0 = Debug|Any CPU
		{190BF8F4-3199-4254-8035-87900C975C1C}.Release|Any CPU.ActiveCfg = Release|Any CPU
		{190BF8F4-3199-4254-8035-87900C975C1C}.Release|Any CPU.Build.0 = Release|Any CPU
		{9A60269D-4AB9-47A7-B2D1-436ADBCF7C9A}.Debug|Any CPU.ActiveCfg = Debug|Any CPU
		{9A60269D-4AB9-47A7-B2D1-436ADBCF7C9A}.Debug|Any CPU.Build.0 = Debug|Any CPU
		{9A60269D-4AB9-47A7-B2D1-436ADBCF7C9A}.Release|Any CPU.ActiveCfg = Release|Any CPU
		{9A60269D-4AB9-47A7-B2D1-436ADBCF7C9A}.Release|Any CPU.Build.0 = Release|Any CPU
		{6BE19A6B-B9D4-4C4A-9825-9CE1F96FB771}.Debug|Any CPU.ActiveCfg = Debug|Any CPU
		{6BE19A6B-B9D4-4C4A-9825-9CE1F96FB771}.Debug|Any CPU.Build.0 = Debug|Any CPU
		{6BE19A6B-B9D4-4C4A-9825-9CE1F96FB771}.Release|Any CPU.ActiveCfg = Release|Any CPU
		{6BE19A6B-B9D4-4C4A-9825-9CE1F96FB771}.Release|Any CPU.Build.0 = Release|Any CPU
		{5659F224-441E-47B2-A5B2-8C9F1A8D4D97}.Debug|Any CPU.ActiveCfg = Debug|Any CPU
		{5659F224-441E-47B2-A5B2-8C9F1A8D4D97}.Debug|Any CPU.Build.0 = Debug|Any CPU
		{5659F224-441E-47B2-A5B2-8C9F1A8D4D97}.Release|Any CPU.ActiveCfg = Release|Any CPU
		{5659F224-441E-47B2-A5B2-8C9F1A8D4D97}.Release|Any CPU.Build.0 = Release|Any CPU
		{39F24F8C-AB69-4A32-B600-B46A8605241C}.Debug|Any CPU.ActiveCfg = Debug|Any CPU
		{39F24F8C-AB69-4A32-B600-B46A8605241C}.Debug|Any CPU.Build.0 = Debug|Any CPU
		{39F24F8C-AB69-4A32-B600-B46A8605241C}.Release|Any CPU.ActiveCfg = Release|Any CPU
		{39F24F8C-AB69-4A32-B600-B46A8605241C}.Release|Any CPU.Build.0 = Release|Any CPU
		{26B33F5F-2ECE-4BB7-9F84-84F14CDF12D3}.Debug|Any CPU.ActiveCfg = Debug|Any CPU
		{26B33F5F-2ECE-4BB7-9F84-84F14CDF12D3}.Debug|Any CPU.Build.0 = Debug|Any CPU
		{26B33F5F-2ECE-4BB7-9F84-84F14CDF12D3}.Release|Any CPU.ActiveCfg = Release|Any CPU
		{26B33F5F-2ECE-4BB7-9F84-84F14CDF12D3}.Release|Any CPU.Build.0 = Release|Any CPU
		{E13258BB-03AA-4B70-B6E5-1CB54F11E9AC}.Debug|Any CPU.ActiveCfg = Debug|Any CPU
		{E13258BB-03AA-4B70-B6E5-1CB54F11E9AC}.Debug|Any CPU.Build.0 = Debug|Any CPU
		{E13258BB-03AA-4B70-B6E5-1CB54F11E9AC}.Release|Any CPU.ActiveCfg = Release|Any CPU
		{E13258BB-03AA-4B70-B6E5-1CB54F11E9AC}.Release|Any CPU.Build.0 = Release|Any CPU
		{F9874492-2043-454F-B591-B6796214D732}.Debug|Any CPU.ActiveCfg = Debug|Any CPU
		{F9874492-2043-454F-B591-B6796214D732}.Debug|Any CPU.Build.0 = Debug|Any CPU
		{F9874492-2043-454F-B591-B6796214D732}.Release|Any CPU.ActiveCfg = Release|Any CPU
		{F9874492-2043-454F-B591-B6796214D732}.Release|Any CPU.Build.0 = Release|Any CPU
		{5C2A8165-AFB2-4C79-816E-6F4762FAE5A4}.Debug|Any CPU.ActiveCfg = Debug|Any CPU
		{5C2A8165-AFB2-4C79-816E-6F4762FAE5A4}.Debug|Any CPU.Build.0 = Debug|Any CPU
		{5C2A8165-AFB2-4C79-816E-6F4762FAE5A4}.Release|Any CPU.ActiveCfg = Release|Any CPU
		{5C2A8165-AFB2-4C79-816E-6F4762FAE5A4}.Release|Any CPU.Build.0 = Release|Any CPU
		{C962F163-494E-44AA-813F-D6E1BB7F30E3}.Debug|Any CPU.ActiveCfg = Debug|Any CPU
		{C962F163-494E-44AA-813F-D6E1BB7F30E3}.Debug|Any CPU.Build.0 = Debug|Any CPU
		{C962F163-494E-44AA-813F-D6E1BB7F30E3}.Release|Any CPU.ActiveCfg = Release|Any CPU
		{C962F163-494E-44AA-813F-D6E1BB7F30E3}.Release|Any CPU.Build.0 = Release|Any CPU
		{AB7A3EDE-1E3C-4C9F-9B63-5DE83C012483}.Debug|Any CPU.ActiveCfg = Debug|Any CPU
		{AB7A3EDE-1E3C-4C9F-9B63-5DE83C012483}.Debug|Any CPU.Build.0 = Debug|Any CPU
		{AB7A3EDE-1E3C-4C9F-9B63-5DE83C012483}.Release|Any CPU.ActiveCfg = Release|Any CPU
		{AB7A3EDE-1E3C-4C9F-9B63-5DE83C012483}.Release|Any CPU.Build.0 = Release|Any CPU
		{6A3A2B21-1BF0-4CBC-8C05-13626AB0F301}.Debug|Any CPU.ActiveCfg = Debug|Any CPU
		{6A3A2B21-1BF0-4CBC-8C05-13626AB0F301}.Debug|Any CPU.Build.0 = Debug|Any CPU
		{6A3A2B21-1BF0-4CBC-8C05-13626AB0F301}.Release|Any CPU.ActiveCfg = Release|Any CPU
		{6A3A2B21-1BF0-4CBC-8C05-13626AB0F301}.Release|Any CPU.Build.0 = Release|Any CPU
		{6F4C7538-DC92-42D5-9A94-EC328C1F73C6}.Debug|Any CPU.ActiveCfg = Debug|Any CPU
		{6F4C7538-DC92-42D5-9A94-EC328C1F73C6}.Debug|Any CPU.Build.0 = Debug|Any CPU
		{6F4C7538-DC92-42D5-9A94-EC328C1F73C6}.Release|Any CPU.ActiveCfg = Release|Any CPU
		{6F4C7538-DC92-42D5-9A94-EC328C1F73C6}.Release|Any CPU.Build.0 = Release|Any CPU
		{B93AF9F5-F61D-4C05-AA5C-AD874E31042C}.Debug|Any CPU.ActiveCfg = Debug|Any CPU
		{B93AF9F5-F61D-4C05-AA5C-AD874E31042C}.Debug|Any CPU.Build.0 = Debug|Any CPU
		{B93AF9F5-F61D-4C05-AA5C-AD874E31042C}.Release|Any CPU.ActiveCfg = Release|Any CPU
		{B93AF9F5-F61D-4C05-AA5C-AD874E31042C}.Release|Any CPU.Build.0 = Release|Any CPU
		{0CDAEA52-E70C-4211-891D-AE0E4E02C838}.Debug|Any CPU.ActiveCfg = Debug|Any CPU
		{0CDAEA52-E70C-4211-891D-AE0E4E02C838}.Debug|Any CPU.Build.0 = Debug|Any CPU
		{0CDAEA52-E70C-4211-891D-AE0E4E02C838}.Release|Any CPU.ActiveCfg = Release|Any CPU
		{0CDAEA52-E70C-4211-891D-AE0E4E02C838}.Release|Any CPU.Build.0 = Release|Any CPU
		{DA7C975B-35B3-4A0D-9892-E520B410D800}.Debug|Any CPU.ActiveCfg = Debug|Any CPU
		{DA7C975B-35B3-4A0D-9892-E520B410D800}.Debug|Any CPU.Build.0 = Debug|Any CPU
		{DA7C975B-35B3-4A0D-9892-E520B410D800}.Release|Any CPU.ActiveCfg = Release|Any CPU
		{DA7C975B-35B3-4A0D-9892-E520B410D800}.Release|Any CPU.Build.0 = Release|Any CPU
		{2E9FC980-3B37-4ACD-B453-C232401C28D2}.Debug|Any CPU.ActiveCfg = Debug|Any CPU
		{2E9FC980-3B37-4ACD-B453-C232401C28D2}.Debug|Any CPU.Build.0 = Debug|Any CPU
		{2E9FC980-3B37-4ACD-B453-C232401C28D2}.Release|Any CPU.ActiveCfg = Release|Any CPU
		{2E9FC980-3B37-4ACD-B453-C232401C28D2}.Release|Any CPU.Build.0 = Release|Any CPU
	EndGlobalSection
	GlobalSection(SolutionProperties) = preSolution
		HideSolutionNode = FALSE
	EndGlobalSection
	GlobalSection(NestedProjects) = preSolution
		{E0665C0D-7640-4420-8E15-E0D58FD1EC58} = {4B24F228-C0F0-4BB3-AD65-F98222128C7B}
		{7099A694-E77E-48F1-B83A-C27792E2A84F} = {4B24F228-C0F0-4BB3-AD65-F98222128C7B}
		{34AFA888-BC60-40B5-B90D-053EF1C15C9A} = {4B24F228-C0F0-4BB3-AD65-F98222128C7B}
		{E56E12D9-404A-4570-8BCE-659F1254A28C} = {3D716B78-AB61-410C-8A4A-F9A671FBF3A7}
		{B80DA397-C0E5-4E18-B4CC-266903CAFD10} = {3D716B78-AB61-410C-8A4A-F9A671FBF3A7}
		{57D4D302-BF33-4E4A-98D4-38A0DE8C75E3} = {3D716B78-AB61-410C-8A4A-F9A671FBF3A7}
		{CC2B882B-A7A6-4B58-AB17-F8EDAE3E36BD} = {98C5A189-F354-41A6-B0CA-EFE65099C73B}
		{190BF8F4-3199-4254-8035-87900C975C1C} = {98C5A189-F354-41A6-B0CA-EFE65099C73B}
		{9A60269D-4AB9-47A7-B2D1-436ADBCF7C9A} = {98C5A189-F354-41A6-B0CA-EFE65099C73B}
		{6BE19A6B-B9D4-4C4A-9825-9CE1F96FB771} = {277CA732-D8F4-4E6B-939B-051AA23FCF3D}
		{5659F224-441E-47B2-A5B2-8C9F1A8D4D97} = {277CA732-D8F4-4E6B-939B-051AA23FCF3D}
		{39F24F8C-AB69-4A32-B600-B46A8605241C} = {277CA732-D8F4-4E6B-939B-051AA23FCF3D}
		{26B33F5F-2ECE-4BB7-9F84-84F14CDF12D3} = {6E4A6830-6A92-4851-9CA9-287B3F335960}
		{E13258BB-03AA-4B70-B6E5-1CB54F11E9AC} = {6E4A6830-6A92-4851-9CA9-287B3F335960}
		{F9874492-2043-454F-B591-B6796214D732} = {6E4A6830-6A92-4851-9CA9-287B3F335960}
		{5C2A8165-AFB2-4C79-816E-6F4762FAE5A4} = {66C9E0C9-DBE2-4BF5-94DF-906046D923FA}
		{C962F163-494E-44AA-813F-D6E1BB7F30E3} = {66C9E0C9-DBE2-4BF5-94DF-906046D923FA}
		{AB7A3EDE-1E3C-4C9F-9B63-5DE83C012483} = {66C9E0C9-DBE2-4BF5-94DF-906046D923FA}
		{6A3A2B21-1BF0-4CBC-8C05-13626AB0F301} = {4C6C2C92-040E-48B4-943E-EB90BBBB9F0B}
		{6F4C7538-DC92-42D5-9A94-EC328C1F73C6} = {4C6C2C92-040E-48B4-943E-EB90BBBB9F0B}
		{B93AF9F5-F61D-4C05-AA5C-AD874E31042C} = {4C6C2C92-040E-48B4-943E-EB90BBBB9F0B}
		{0CDAEA52-E70C-4211-891D-AE0E4E02C838} = {BC109D40-13E6-40EB-9D8D-A6FEDB060804}
		{DA7C975B-35B3-4A0D-9892-E520B410D800} = {BC109D40-13E6-40EB-9D8D-A6FEDB060804}
		{2E9FC980-3B37-4ACD-B453-C232401C28D2} = {BC109D40-13E6-40EB-9D8D-A6FEDB060804}
	EndGlobalSection
	GlobalSection(ExtensibilityGlobals) = postSolution
		SolutionGuid = {387EF398-13EC-4881-BD35-8DCFC7DAF520}
	EndGlobalSection
EndGlobal
